
Microsoft Visual Studio Solution File, Format Version 12.00
# Visual Studio Version 17
VisualStudioVersion = 17.11.35222.181
MinimumVisualStudioVersion = 10.0.40219.1
Project("{FAE04EC0-301F-11D3-BF4B-00C04F79EFBC}") = "ApiData", "ApiData\ApiData.csproj", "{BAD6B4D5-1C23-447A-9AD1-8FC6C85C5FFF}"
EndProject
Global
	GlobalSection(SolutionConfigurationPlatforms) = preSolution
		Debug|Any CPU = Debug|Any CPU
		Release|Any CPU = Release|Any CPU
	EndGlobalSection
	GlobalSection(ProjectConfigurationPlatforms) = postSolution
		{BAD6B4D5-1C23-447A-9AD1-8FC6C85C5FFF}.Debug|Any CPU.ActiveCfg = Debug|Any CPU
		{BAD6B4D5-1C23-447A-9AD1-8FC6C85C5FFF}.Debug|Any CPU.Build.0 = Debug|Any CPU
		{BAD6B4D5-1C23-447A-9AD1-8FC6C85C5FFF}.Release|Any CPU.ActiveCfg = Release|Any CPU
		{BAD6B4D5-1C23-447A-9AD1-8FC6C85C5FFF}.Release|Any CPU.Build.0 = Release|Any CPU
	EndGlobalSection
	GlobalSection(SolutionProperties) = preSolution
		HideSolutionNode = FALSE
	EndGlobalSection
	GlobalSection(ExtensibilityGlobals) = postSolution
		SolutionGuid = {8EDFAB5E-A400-47FB-9C9A-F0D93443E7B9}
	EndGlobalSection
EndGlobal
